# -------------------------------------------------------------------------- #
#
# Copyright (C) 1991-2013 Altera Corporation
# Your use of Altera Corporation's design tools, logic functions 
# and other software and tools, and its AMPP partner logic 
# functions, and any output files from any of the foregoing 
# (including device programming or simulation files), and any 
# associated documentation or information are expressly subject 
# to the terms and conditions of the Altera Program License 
# Subscription Agreement, Altera MegaCore Function License 
# Agreement, or other applicable license agreement, including, 
# without limitation, that your use is for the sole purpose of 
# programming logic devices manufactured by Altera and sold by 
# Altera or its authorized distributors.  Please refer to the 
# applicable agreement for further details.
#
# -------------------------------------------------------------------------- #
#
# Quartus II 64-Bit
# Version 13.1.0 Build 162 10/23/2013 SJ Web Edition
# Date created = 18:54:30  September 19, 2016
#
# -------------------------------------------------------------------------- #
#
# Notes:
#
# 1) The default values for assignments are stored in the file:
#		usb_test_assignment_defaults.qdf
#    If this file doesn't exist, see file:
#		assignment_defaults.qdf
#
# 2) Altera recommends that you do not modify this file. This
#    file is updated automatically by the Quartus II software
#    and any changes you make may be lost or overwritten.
#
# -------------------------------------------------------------------------- #


set_global_assignment -name FAMILY "Cyclone III"
set_global_assignment -name DEVICE EP3C16Q240C8
set_global_assignment -name TOP_LEVEL_ENTITY usb_test
set_global_assignment -name ORIGINAL_QUARTUS_VERSION 13.1
set_global_assignment -name PROJECT_CREATION_TIME_DATE "18:54:30  SEPTEMBER 19, 2016"
set_global_assignment -name LAST_QUARTUS_VERSION 13.1
set_global_assignment -name PROJECT_OUTPUT_DIRECTORY output_files
set_global_assignment -name MIN_CORE_JUNCTION_TEMP 0
set_global_assignment -name MAX_CORE_JUNCTION_TEMP 85
set_global_assignment -name ERROR_CHECK_FREQUENCY_DIVISOR 1
set_global_assignment -name STRATIX_DEVICE_IO_STANDARD "3.3-V LVCMOS"
set_global_assignment -name PARTITION_NETLIST_TYPE SOURCE -section_id Top
set_global_assignment -name PARTITION_FITTER_PRESERVATION_LEVEL PLACEMENT_AND_ROUTING -section_id Top
set_global_assignment -name PARTITION_COLOR 16764057 -section_id Top
set_global_assignment -name USE_CONFIGURATION_DEVICE OFF
set_global_assignment -name CRC_ERROR_OPEN_DRAIN OFF
set_global_assignment -name OUTPUT_IO_TIMING_NEAR_END_VMEAS "HALF VCCIO" -rise
set_global_assignment -name OUTPUT_IO_TIMING_NEAR_END_VMEAS "HALF VCCIO" -fall
set_global_assignment -name OUTPUT_IO_TIMING_FAR_END_VMEAS "HALF SIGNAL SWING" -rise
set_global_assignment -name OUTPUT_IO_TIMING_FAR_END_VMEAS "HALF SIGNAL SWING" -fall
set_location_assignment PIN_31 -to CLK
set_location_assignment PIN_9 -to FH1_C1_DE
set_location_assignment PIN_32 -to FH1_C1_R
set_location_assignment PIN_13 -to FH1_C1_nRE
set_location_assignment PIN_239 -to FH1_C2_D
set_location_assignment PIN_240 -to FH1_C2_DE
set_location_assignment PIN_5 -to FH1_C2_R
set_location_assignment PIN_4 -to FH1_C2_nRE
set_location_assignment PIN_18 -to FH1_D1_D
set_location_assignment PIN_19 -to FH1_D1_DE
set_location_assignment PIN_21 -to FH1_D1_R
set_location_assignment PIN_20 -to FH1_D1_nRE
set_location_assignment PIN_22 -to FH1_D2_D
set_location_assignment PIN_41 -to FH1_D2_DE
set_location_assignment PIN_44 -to FH1_D2_R
set_location_assignment PIN_43 -to FH1_D2_nRE
set_location_assignment PIN_37 -to FH2_C1_D
set_location_assignment PIN_38 -to FH2_C1_DE
set_location_assignment PIN_34 -to FH2_C1_R
set_location_assignment PIN_39 -to FH2_C1_nRE
set_location_assignment PIN_45 -to FH2_C2_D
set_location_assignment PIN_46 -to FH2_C2_DE
set_location_assignment PIN_92 -to FH2_C2_R
set_location_assignment PIN_49 -to FH2_C2_nRE
set_location_assignment PIN_55 -to FH2_D1_D
set_location_assignment PIN_56 -to FH2_D1_DE
set_location_assignment PIN_33 -to FH2_D1_R
set_location_assignment PIN_57 -to FH2_D1_nRE
set_location_assignment PIN_50 -to FH2_D2_D
set_location_assignment PIN_51 -to FH2_D2_DE
set_location_assignment PIN_89 -to FH2_D2_R
set_location_assignment PIN_52 -to FH2_D2_nRE
set_location_assignment PIN_185 -to FH3_C1_D
set_location_assignment PIN_184 -to FH3_C1_DE
set_location_assignment PIN_182 -to FH3_C1_R
set_location_assignment PIN_183 -to FH3_C1_nRE
set_location_assignment PIN_119 -to FH3_C2_D
set_location_assignment PIN_120 -to FH3_C2_DE
set_location_assignment PIN_90 -to FH3_C2_R
set_location_assignment PIN_144 -to FH3_C2_nRE
set_location_assignment PIN_174 -to FH3_D1_D
set_location_assignment PIN_169 -to FH3_D1_DE
set_location_assignment PIN_91 -to FH3_D1_R
set_location_assignment PIN_168 -to FH3_D1_nRE
set_location_assignment PIN_181 -to FH3_D2_D
set_location_assignment PIN_177 -to FH3_D2_DE
set_location_assignment PIN_175 -to FH3_D2_R
set_location_assignment PIN_176 -to FH3_D2_nRE
set_location_assignment PIN_131 -to FH4_C1_D
set_location_assignment PIN_132 -to FH4_C1_DE
set_location_assignment PIN_134 -to FH4_C1_R
set_location_assignment PIN_133 -to FH4_C1_nRE
set_location_assignment PIN_161 -to FH4_C2_D
set_location_assignment PIN_162 -to FH4_C2_DE
set_location_assignment PIN_151 -to FH4_C2_R
set_location_assignment PIN_143 -to FH4_C2_nRE
set_location_assignment PIN_135 -to FH4_D1_D
set_location_assignment PIN_137 -to FH4_D1_DE
set_location_assignment PIN_142 -to FH4_D1_R
set_location_assignment PIN_139 -to FH4_D1_nRE
set_location_assignment PIN_126 -to FH4_D2_D
set_location_assignment PIN_127 -to FH4_D2_DE
set_location_assignment PIN_152 -to FH4_D2_R
set_location_assignment PIN_128 -to FH4_D2_nRE
set_location_assignment PIN_232 -to FL1_D1_D
set_location_assignment PIN_233 -to FL1_D1_DE
set_location_assignment PIN_211 -to FL1_D1_R
set_location_assignment PIN_234 -to FL1_D1_nRE
set_location_assignment PIN_235 -to FL1_D2_D
set_location_assignment PIN_236 -to FL1_D2_DE
set_location_assignment PIN_238 -to FL1_D2_R
set_location_assignment PIN_237 -to FL1_D2_nRE
set_location_assignment PIN_222 -to FL2_D1_D
set_location_assignment PIN_223 -to FL2_D1_DE
set_location_assignment PIN_209 -to FL2_D1_R
set_location_assignment PIN_224 -to FL2_D1_nRE
set_location_assignment PIN_226 -to FL2_D2_D
set_location_assignment PIN_230 -to FL2_D2_DE
set_location_assignment PIN_210 -to FL2_D2_R
set_location_assignment PIN_231 -to FL2_D2_nRE
set_location_assignment PIN_148 -to FL3_D1_D
set_location_assignment PIN_159 -to FL3_D1_DE
set_location_assignment PIN_150 -to FL3_D1_R
set_location_assignment PIN_160 -to FL3_D1_nRE
set_location_assignment PIN_145 -to FL3_D2_D
set_location_assignment PIN_146 -to FL3_D2_DE
set_location_assignment PIN_149 -to FL3_D2_R
set_location_assignment PIN_147 -to FL3_D2_nRE
set_location_assignment PIN_203 -to FODD
set_location_assignment PIN_207 -to FOE
set_location_assignment PIN_202 -to FPWREN
set_location_assignment PIN_218 -to FRD
set_location_assignment PIN_201 -to FRXF
set_location_assignment PIN_221 -to FSCL
set_location_assignment PIN_220 -to FSDA
set_location_assignment PIN_216 -to FSIWU
set_location_assignment PIN_219 -to FTXE
set_location_assignment PIN_188 -to FUSB_nRES
set_location_assignment PIN_200 -to FU_D[7]
set_location_assignment PIN_199 -to FU_D[6]
set_location_assignment PIN_198 -to FU_D[5]
set_location_assignment PIN_197 -to FU_D[4]
set_location_assignment PIN_196 -to FU_D[3]
set_location_assignment PIN_195 -to FU_D[2]
set_location_assignment PIN_194 -to FU_D[1]
set_location_assignment PIN_189 -to FU_D[0]
set_location_assignment PIN_217 -to FWR
set_location_assignment PIN_84 -to SDRAM_A[12]
set_location_assignment PIN_82 -to SDRAM_A[11]
set_location_assignment PIN_81 -to SDRAM_A[10]
set_location_assignment PIN_80 -to SDRAM_A[9]
set_location_assignment PIN_78 -to SDRAM_A[8]
set_location_assignment PIN_73 -to SDRAM_A[7]
set_location_assignment PIN_72 -to SDRAM_A[6]
set_location_assignment PIN_71 -to SDRAM_A[5]
set_location_assignment PIN_68 -to SDRAM_A[4]
set_location_assignment PIN_63 -to SDRAM_A[3]
set_location_assignment PIN_64 -to SDRAM_A[2]
set_location_assignment PIN_65 -to SDRAM_A[1]
set_location_assignment PIN_76 -to SDRAM_A[0]
set_location_assignment PIN_69 -to SDRAM_CLK
set_location_assignment PIN_86 -to SDRAM_CLKE
set_location_assignment PIN_110 -to SDRAM_DQ[15]
set_location_assignment PIN_108 -to SDRAM_DQ[14]
set_location_assignment PIN_106 -to SDRAM_DQ[13]
set_location_assignment PIN_103 -to SDRAM_DQ[12]
set_location_assignment PIN_100 -to SDRAM_DQ[11]
set_location_assignment PIN_98 -to SDRAM_DQ[10]
set_location_assignment PIN_95 -to SDRAM_DQ[9]
set_location_assignment PIN_93 -to SDRAM_DQ[8]
set_location_assignment PIN_107 -to SDRAM_DQ[7]
set_location_assignment PIN_109 -to SDRAM_DQ[6]
set_location_assignment PIN_111 -to SDRAM_DQ[5]
set_location_assignment PIN_112 -to SDRAM_DQ[4]
set_location_assignment PIN_113 -to SDRAM_DQ[3]
set_location_assignment PIN_114 -to SDRAM_DQ[2]
set_location_assignment PIN_117 -to SDRAM_DQ[1]
set_location_assignment PIN_118 -to SDRAM_DQ[0]
set_location_assignment PIN_88 -to SDRAM_DQMH
set_location_assignment PIN_102 -to SDRAM_DQML
set_location_assignment PIN_99 -to SDRAM_nCAS
set_location_assignment PIN_87 -to SDRAM_nCS
set_location_assignment PIN_94 -to SDRAM_nRAS
set_location_assignment PIN_101 -to SDRAM_nWE
set_location_assignment PIN_214 -to TP[6]
set_location_assignment PIN_173 -to TP[5]
set_location_assignment PIN_171 -to TP[4]
set_location_assignment PIN_167 -to TP[3]
set_location_assignment PIN_166 -to TP[2]
set_location_assignment PIN_164 -to TP[1]
set_location_assignment PIN_83 -to SDRAM_BA[1]
set_location_assignment PIN_85 -to SDRAM_BA[0]
set_global_assignment -name ENABLE_CONFIGURATION_PINS OFF
set_global_assignment -name ENABLE_NCE_PIN OFF
set_global_assignment -name ENABLE_BOOT_SEL_PIN OFF
set_global_assignment -name CYCLONEII_RESERVE_NCEO_AFTER_CONFIGURATION "USE AS REGULAR IO"
set_location_assignment PIN_212 -to FCLK_OUT
set_location_assignment PIN_6 -to FH1_C1_D
set_global_assignment -name ENABLE_SIGNALTAP ON
set_global_assignment -name USE_SIGNALTAP_FILE src/code/gen&adapter.stp
set_global_assignment -name SLD_NODE_CREATOR_ID 110 -section_id auto_signaltap_0
set_global_assignment -name SLD_NODE_ENTITY_NAME sld_signaltap -section_id auto_signaltap_0
set_global_assignment -name SLD_NODE_PARAMETER_ASSIGNMENT "SLD_RAM_BLOCK_TYPE=AUTO" -section_id auto_signaltap_0
set_global_assignment -name SLD_NODE_PARAMETER_ASSIGNMENT "SLD_NODE_INFO=805334528" -section_id auto_signaltap_0
set_global_assignment -name SLD_NODE_PARAMETER_ASSIGNMENT "SLD_POWER_UP_TRIGGER=0" -section_id auto_signaltap_0
set_global_assignment -name SLD_NODE_PARAMETER_ASSIGNMENT "SLD_STORAGE_QUALIFIER_INVERSION_MASK_LENGTH=0" -section_id auto_signaltap_0
set_global_assignment -name SLD_NODE_PARAMETER_ASSIGNMENT "SLD_ATTRIBUTE_MEM_MODE=OFF" -section_id auto_signaltap_0
set_global_assignment -name SLD_NODE_PARAMETER_ASSIGNMENT "SLD_STATE_FLOW_USE_GENERATED=0" -section_id auto_signaltap_0
set_global_assignment -name SLD_NODE_PARAMETER_ASSIGNMENT "SLD_STATE_BITS=11" -section_id auto_signaltap_0
set_global_assignment -name SLD_NODE_PARAMETER_ASSIGNMENT "SLD_BUFFER_FULL_STOP=1" -section_id auto_signaltap_0
set_global_assignment -name SLD_NODE_PARAMETER_ASSIGNMENT "SLD_CURRENT_RESOURCE_WIDTH=1" -section_id auto_signaltap_0
set_global_assignment -name SLD_NODE_PARAMETER_ASSIGNMENT "SLD_TRIGGER_LEVEL=1" -section_id auto_signaltap_0
set_global_assignment -name SLD_NODE_PARAMETER_ASSIGNMENT "SLD_TRIGGER_IN_ENABLED=0" -section_id auto_signaltap_0
set_global_assignment -name SLD_NODE_PARAMETER_ASSIGNMENT "SLD_TRIGGER_LEVEL_PIPELINE=1" -section_id auto_signaltap_0
set_global_assignment -name SLD_NODE_PARAMETER_ASSIGNMENT "SLD_ADVANCED_TRIGGER_ENTITY=basic,1," -section_id auto_signaltap_0
set_global_assignment -name SLD_NODE_PARAMETER_ASSIGNMENT "SLD_ENABLE_ADVANCED_TRIGGER=0" -section_id auto_signaltap_0
set_instance_assignment -name IO_STANDARD "3.3-V LVTTL" -to SDRAM_A[12]
set_instance_assignment -name IO_STANDARD "3.3-V LVTTL" -to SDRAM_A[11]
set_instance_assignment -name IO_STANDARD "3.3-V LVTTL" -to SDRAM_CLKE
set_instance_assignment -name IO_STANDARD "3.3-V LVTTL" -to SDRAM_CLK
set_instance_assignment -name IO_STANDARD "3.3-V LVTTL" -to SDRAM_BA[1]
set_instance_assignment -name IO_STANDARD "3.3-V LVTTL" -to SDRAM_BA[0]
set_instance_assignment -name IO_STANDARD "3.3-V LVTTL" -to SDRAM_A[3]
set_instance_assignment -name IO_STANDARD "3.3-V LVTTL" -to SDRAM_A[2]
set_instance_assignment -name IO_STANDARD "3.3-V LVTTL" -to SDRAM_A[1]
set_instance_assignment -name IO_STANDARD "3.3-V LVTTL" -to SDRAM_A[0]
set_instance_assignment -name IO_STANDARD "3.3-V LVTTL" -to SDRAM_A[10]
set_instance_assignment -name IO_STANDARD "3.3-V LVTTL" -to SDRAM_A[9]
set_instance_assignment -name IO_STANDARD "3.3-V LVTTL" -to SDRAM_A[8]
set_instance_assignment -name IO_STANDARD "3.3-V LVTTL" -to SDRAM_A[7]
set_instance_assignment -name IO_STANDARD "3.3-V LVTTL" -to SDRAM_A[6]
set_instance_assignment -name IO_STANDARD "3.3-V LVTTL" -to SDRAM_A[5]
set_instance_assignment -name IO_STANDARD "3.3-V LVTTL" -to SDRAM_A[4]
set_instance_assignment -name IO_STANDARD "3.3-V LVTTL" -to SDRAM_DQ[15]
set_instance_assignment -name IO_STANDARD "3.3-V LVTTL" -to SDRAM_DQ[14]
set_instance_assignment -name IO_STANDARD "3.3-V LVTTL" -to SDRAM_DQ[13]
set_instance_assignment -name IO_STANDARD "3.3-V LVTTL" -to SDRAM_DQ[12]
set_instance_assignment -name IO_STANDARD "3.3-V LVTTL" -to SDRAM_DQ[11]
set_instance_assignment -name IO_STANDARD "3.3-V LVTTL" -to SDRAM_DQ[10]
set_instance_assignment -name IO_STANDARD "3.3-V LVTTL" -to SDRAM_DQ[9]
set_instance_assignment -name IO_STANDARD "3.3-V LVTTL" -to SDRAM_DQ[8]
set_instance_assignment -name IO_STANDARD "3.3-V LVTTL" -to SDRAM_DQ[7]
set_instance_assignment -name IO_STANDARD "3.3-V LVTTL" -to SDRAM_DQ[6]
set_instance_assignment -name IO_STANDARD "3.3-V LVTTL" -to SDRAM_DQ[5]
set_instance_assignment -name IO_STANDARD "3.3-V LVTTL" -to SDRAM_DQ[4]
set_instance_assignment -name IO_STANDARD "3.3-V LVTTL" -to SDRAM_DQ[3]
set_instance_assignment -name IO_STANDARD "3.3-V LVTTL" -to SDRAM_DQ[2]
set_instance_assignment -name IO_STANDARD "3.3-V LVTTL" -to SDRAM_DQ[1]
set_instance_assignment -name IO_STANDARD "3.3-V LVTTL" -to SDRAM_DQ[0]
set_instance_assignment -name IO_STANDARD "3.3-V LVTTL" -to SDRAM_DQMH
set_instance_assignment -name IO_STANDARD "3.3-V LVTTL" -to SDRAM_DQML
set_instance_assignment -name IO_STANDARD "3.3-V LVTTL" -to SDRAM_nCAS
set_instance_assignment -name IO_STANDARD "3.3-V LVTTL" -to SDRAM_nCS
set_instance_assignment -name IO_STANDARD "3.3-V LVTTL" -to SDRAM_nRAS
set_instance_assignment -name IO_STANDARD "3.3-V LVTTL" -to SDRAM_nWE
set_global_assignment -name POWER_PRESET_COOLING_SOLUTION "23 MM HEAT SINK WITH 200 LFPM AIRFLOW"
set_global_assignment -name POWER_BOARD_THERMAL_MODEL "NONE (CONSERVATIVE)"
set_global_assignment -name SLD_NODE_PARAMETER_ASSIGNMENT "SLD_SEGMENT_SIZE=2048" -section_id auto_signaltap_0
set_global_assignment -name SLD_NODE_PARAMETER_ASSIGNMENT "SLD_SAMPLE_DEPTH=2048" -section_id auto_signaltap_0
set_instance_assignment -name CONNECT_TO_SLD_NODE_ENTITY_PORT acq_clk -to "pll:_pll|c2" -section_id auto_signaltap_0
set_instance_assignment -name CONNECT_TO_SLD_NODE_ENTITY_PORT acq_trigger_in[0] -to SDRAM_A[0] -section_id auto_signaltap_0
set_instance_assignment -name CONNECT_TO_SLD_NODE_ENTITY_PORT acq_trigger_in[1] -to SDRAM_A[10] -section_id auto_signaltap_0
set_instance_assignment -name CONNECT_TO_SLD_NODE_ENTITY_PORT acq_trigger_in[2] -to SDRAM_A[11] -section_id auto_signaltap_0
set_instance_assignment -name CONNECT_TO_SLD_NODE_ENTITY_PORT acq_trigger_in[3] -to SDRAM_A[12] -section_id auto_signaltap_0
set_instance_assignment -name CONNECT_TO_SLD_NODE_ENTITY_PORT acq_trigger_in[4] -to SDRAM_A[1] -section_id auto_signaltap_0
set_instance_assignment -name CONNECT_TO_SLD_NODE_ENTITY_PORT acq_trigger_in[5] -to SDRAM_A[2] -section_id auto_signaltap_0
set_instance_assignment -name CONNECT_TO_SLD_NODE_ENTITY_PORT acq_trigger_in[6] -to SDRAM_A[3] -section_id auto_signaltap_0
set_instance_assignment -name CONNECT_TO_SLD_NODE_ENTITY_PORT acq_trigger_in[7] -to SDRAM_A[4] -section_id auto_signaltap_0
set_instance_assignment -name CONNECT_TO_SLD_NODE_ENTITY_PORT acq_trigger_in[8] -to SDRAM_A[5] -section_id auto_signaltap_0
set_instance_assignment -name CONNECT_TO_SLD_NODE_ENTITY_PORT acq_trigger_in[9] -to SDRAM_A[6] -section_id auto_signaltap_0
set_instance_assignment -name CONNECT_TO_SLD_NODE_ENTITY_PORT acq_trigger_in[10] -to SDRAM_A[7] -section_id auto_signaltap_0
set_instance_assignment -name CONNECT_TO_SLD_NODE_ENTITY_PORT acq_trigger_in[11] -to SDRAM_A[8] -section_id auto_signaltap_0
set_instance_assignment -name CONNECT_TO_SLD_NODE_ENTITY_PORT acq_trigger_in[12] -to SDRAM_A[9] -section_id auto_signaltap_0
set_instance_assignment -name CONNECT_TO_SLD_NODE_ENTITY_PORT acq_data_in[0] -to SDRAM_A[0] -section_id auto_signaltap_0
set_instance_assignment -name CONNECT_TO_SLD_NODE_ENTITY_PORT acq_data_in[1] -to SDRAM_A[10] -section_id auto_signaltap_0
set_instance_assignment -name CONNECT_TO_SLD_NODE_ENTITY_PORT acq_data_in[2] -to SDRAM_A[11] -section_id auto_signaltap_0
set_instance_assignment -name CONNECT_TO_SLD_NODE_ENTITY_PORT acq_data_in[3] -to SDRAM_A[12] -section_id auto_signaltap_0
set_instance_assignment -name CONNECT_TO_SLD_NODE_ENTITY_PORT acq_data_in[4] -to SDRAM_A[1] -section_id auto_signaltap_0
set_instance_assignment -name CONNECT_TO_SLD_NODE_ENTITY_PORT acq_data_in[5] -to SDRAM_A[2] -section_id auto_signaltap_0
set_instance_assignment -name CONNECT_TO_SLD_NODE_ENTITY_PORT acq_data_in[6] -to SDRAM_A[3] -section_id auto_signaltap_0
set_instance_assignment -name CONNECT_TO_SLD_NODE_ENTITY_PORT acq_data_in[7] -to SDRAM_A[4] -section_id auto_signaltap_0
set_instance_assignment -name CONNECT_TO_SLD_NODE_ENTITY_PORT acq_data_in[8] -to SDRAM_A[5] -section_id auto_signaltap_0
set_instance_assignment -name CONNECT_TO_SLD_NODE_ENTITY_PORT acq_data_in[9] -to SDRAM_A[6] -section_id auto_signaltap_0
set_instance_assignment -name CONNECT_TO_SLD_NODE_ENTITY_PORT acq_data_in[10] -to SDRAM_A[7] -section_id auto_signaltap_0
set_instance_assignment -name CONNECT_TO_SLD_NODE_ENTITY_PORT acq_data_in[11] -to SDRAM_A[8] -section_id auto_signaltap_0
set_instance_assignment -name CONNECT_TO_SLD_NODE_ENTITY_PORT acq_data_in[12] -to SDRAM_A[9] -section_id auto_signaltap_0
set_instance_assignment -name CONNECT_TO_SLD_NODE_ENTITY_PORT acq_trigger_in[13] -to SDRAM_DQ[0] -section_id auto_signaltap_0
set_instance_assignment -name CONNECT_TO_SLD_NODE_ENTITY_PORT acq_trigger_in[14] -to SDRAM_DQ[10] -section_id auto_signaltap_0
set_instance_assignment -name CONNECT_TO_SLD_NODE_ENTITY_PORT acq_trigger_in[15] -to SDRAM_DQ[11] -section_id auto_signaltap_0
set_instance_assignment -name CONNECT_TO_SLD_NODE_ENTITY_PORT acq_trigger_in[16] -to SDRAM_DQ[12] -section_id auto_signaltap_0
set_instance_assignment -name CONNECT_TO_SLD_NODE_ENTITY_PORT acq_trigger_in[17] -to SDRAM_DQ[13] -section_id auto_signaltap_0
set_instance_assignment -name CONNECT_TO_SLD_NODE_ENTITY_PORT acq_trigger_in[18] -to SDRAM_DQ[14] -section_id auto_signaltap_0
set_instance_assignment -name CONNECT_TO_SLD_NODE_ENTITY_PORT acq_trigger_in[19] -to SDRAM_DQ[15] -section_id auto_signaltap_0
set_instance_assignment -name CONNECT_TO_SLD_NODE_ENTITY_PORT acq_trigger_in[20] -to SDRAM_DQ[1] -section_id auto_signaltap_0
set_instance_assignment -name CONNECT_TO_SLD_NODE_ENTITY_PORT acq_trigger_in[21] -to SDRAM_DQ[2] -section_id auto_signaltap_0
set_instance_assignment -name CONNECT_TO_SLD_NODE_ENTITY_PORT acq_trigger_in[22] -to SDRAM_DQ[3] -section_id auto_signaltap_0
set_instance_assignment -name CONNECT_TO_SLD_NODE_ENTITY_PORT acq_trigger_in[23] -to SDRAM_DQ[4] -section_id auto_signaltap_0
set_instance_assignment -name CONNECT_TO_SLD_NODE_ENTITY_PORT acq_trigger_in[24] -to SDRAM_DQ[5] -section_id auto_signaltap_0
set_instance_assignment -name CONNECT_TO_SLD_NODE_ENTITY_PORT acq_trigger_in[25] -to SDRAM_DQ[6] -section_id auto_signaltap_0
set_instance_assignment -name CONNECT_TO_SLD_NODE_ENTITY_PORT acq_trigger_in[26] -to SDRAM_DQ[7] -section_id auto_signaltap_0
set_instance_assignment -name CONNECT_TO_SLD_NODE_ENTITY_PORT acq_trigger_in[27] -to SDRAM_DQ[8] -section_id auto_signaltap_0
set_instance_assignment -name CONNECT_TO_SLD_NODE_ENTITY_PORT acq_trigger_in[28] -to SDRAM_DQ[9] -section_id auto_signaltap_0
set_instance_assignment -name CONNECT_TO_SLD_NODE_ENTITY_PORT acq_trigger_in[29] -to "SDRAM_controller:sdram_c|SDRAM_IS_EMPTY" -section_id auto_signaltap_0
set_instance_assignment -name CONNECT_TO_SLD_NODE_ENTITY_PORT acq_trigger_in[30] -to "SDRAM_controller:sdram_c|cmd[0]" -section_id auto_signaltap_0
set_instance_assignment -name CONNECT_TO_SLD_NODE_ENTITY_PORT acq_trigger_in[31] -to "SDRAM_controller:sdram_c|cmd[1]" -section_id auto_signaltap_0
set_instance_assignment -name CONNECT_TO_SLD_NODE_ENTITY_PORT acq_trigger_in[32] -to "SDRAM_controller:sdram_c|cmd[2]" -section_id auto_signaltap_0
set_instance_assignment -name CONNECT_TO_SLD_NODE_ENTITY_PORT acq_trigger_in[33] -to "SDRAM_controller:sdram_c|cmd[3]" -section_id auto_signaltap_0
set_instance_assignment -name CONNECT_TO_SLD_NODE_ENTITY_PORT acq_trigger_in[34] -to "SDRAM_controller:sdram_c|data[0]" -section_id auto_signaltap_0
set_instance_assignment -name CONNECT_TO_SLD_NODE_ENTITY_PORT acq_trigger_in[35] -to "SDRAM_controller:sdram_c|data[10]" -section_id auto_signaltap_0
set_instance_assignment -name CONNECT_TO_SLD_NODE_ENTITY_PORT acq_trigger_in[36] -to "SDRAM_controller:sdram_c|data[11]" -section_id auto_signaltap_0
set_instance_assignment -name CONNECT_TO_SLD_NODE_ENTITY_PORT acq_trigger_in[37] -to "SDRAM_controller:sdram_c|data[12]" -section_id auto_signaltap_0
set_instance_assignment -name CONNECT_TO_SLD_NODE_ENTITY_PORT acq_trigger_in[38] -to "SDRAM_controller:sdram_c|data[13]" -section_id auto_signaltap_0
set_instance_assignment -name CONNECT_TO_SLD_NODE_ENTITY_PORT acq_trigger_in[39] -to "SDRAM_controller:sdram_c|data[14]" -section_id auto_signaltap_0
set_instance_assignment -name CONNECT_TO_SLD_NODE_ENTITY_PORT acq_trigger_in[40] -to "SDRAM_controller:sdram_c|data[15]" -section_id auto_signaltap_0
set_instance_assignment -name CONNECT_TO_SLD_NODE_ENTITY_PORT acq_trigger_in[41] -to "SDRAM_controller:sdram_c|data[1]" -section_id auto_signaltap_0
set_instance_assignment -name CONNECT_TO_SLD_NODE_ENTITY_PORT acq_trigger_in[42] -to "SDRAM_controller:sdram_c|data[2]" -section_id auto_signaltap_0
set_instance_assignment -name CONNECT_TO_SLD_NODE_ENTITY_PORT acq_trigger_in[43] -to "SDRAM_controller:sdram_c|data[3]" -section_id auto_signaltap_0
set_instance_assignment -name CONNECT_TO_SLD_NODE_ENTITY_PORT acq_trigger_in[44] -to "SDRAM_controller:sdram_c|data[4]" -section_id auto_signaltap_0
set_instance_assignment -name CONNECT_TO_SLD_NODE_ENTITY_PORT acq_trigger_in[45] -to "SDRAM_controller:sdram_c|data[5]" -section_id auto_signaltap_0
set_instance_assignment -name CONNECT_TO_SLD_NODE_ENTITY_PORT acq_trigger_in[46] -to "SDRAM_controller:sdram_c|data[6]" -section_id auto_signaltap_0
set_instance_assignment -name CONNECT_TO_SLD_NODE_ENTITY_PORT acq_trigger_in[47] -to "SDRAM_controller:sdram_c|data[7]" -section_id auto_signaltap_0
set_instance_assignment -name CONNECT_TO_SLD_NODE_ENTITY_PORT acq_trigger_in[48] -to "SDRAM_controller:sdram_c|data[8]" -section_id auto_signaltap_0
set_instance_assignment -name CONNECT_TO_SLD_NODE_ENTITY_PORT acq_trigger_in[49] -to "SDRAM_controller:sdram_c|data[9]" -section_id auto_signaltap_0
set_instance_assignment -name CONNECT_TO_SLD_NODE_ENTITY_PORT acq_trigger_in[50] -to "SDRAM_controller:sdram_c|fifo_tx_rdy" -section_id auto_signaltap_0
set_instance_assignment -name CONNECT_TO_SLD_NODE_ENTITY_PORT acq_trigger_in[51] -to "SDRAM_controller:sdram_c|refresh_counter[0]" -section_id auto_signaltap_0
set_instance_assignment -name CONNECT_TO_SLD_NODE_ENTITY_PORT acq_trigger_in[52] -to "SDRAM_controller:sdram_c|refresh_counter[10]" -section_id auto_signaltap_0
set_instance_assignment -name CONNECT_TO_SLD_NODE_ENTITY_PORT acq_trigger_in[53] -to "SDRAM_controller:sdram_c|refresh_counter[11]" -section_id auto_signaltap_0
set_instance_assignment -name CONNECT_TO_SLD_NODE_ENTITY_PORT acq_trigger_in[54] -to "SDRAM_controller:sdram_c|refresh_counter[12]" -section_id auto_signaltap_0
set_instance_assignment -name CONNECT_TO_SLD_NODE_ENTITY_PORT acq_trigger_in[55] -to "SDRAM_controller:sdram_c|refresh_counter[13]" -section_id auto_signaltap_0
set_instance_assignment -name CONNECT_TO_SLD_NODE_ENTITY_PORT acq_trigger_in[56] -to "SDRAM_controller:sdram_c|refresh_counter[1]" -section_id auto_signaltap_0
set_instance_assignment -name CONNECT_TO_SLD_NODE_ENTITY_PORT acq_trigger_in[57] -to "SDRAM_controller:sdram_c|refresh_counter[2]" -section_id auto_signaltap_0
set_instance_assignment -name CONNECT_TO_SLD_NODE_ENTITY_PORT acq_trigger_in[58] -to "SDRAM_controller:sdram_c|refresh_counter[3]" -section_id auto_signaltap_0
set_instance_assignment -name CONNECT_TO_SLD_NODE_ENTITY_PORT acq_trigger_in[59] -to "SDRAM_controller:sdram_c|refresh_counter[4]" -section_id auto_signaltap_0
set_instance_assignment -name CONNECT_TO_SLD_NODE_ENTITY_PORT acq_trigger_in[60] -to "SDRAM_controller:sdram_c|refresh_counter[5]" -section_id auto_signaltap_0
set_instance_assignment -name CONNECT_TO_SLD_NODE_ENTITY_PORT acq_trigger_in[61] -to "SDRAM_controller:sdram_c|refresh_counter[6]" -section_id auto_signaltap_0
set_instance_assignment -name CONNECT_TO_SLD_NODE_ENTITY_PORT acq_trigger_in[62] -to "SDRAM_controller:sdram_c|refresh_counter[7]" -section_id auto_signaltap_0
set_instance_assignment -name CONNECT_TO_SLD_NODE_ENTITY_PORT acq_trigger_in[63] -to "SDRAM_controller:sdram_c|refresh_counter[8]" -section_id auto_signaltap_0
set_instance_assignment -name CONNECT_TO_SLD_NODE_ENTITY_PORT acq_trigger_in[64] -to "SDRAM_controller:sdram_c|refresh_counter[9]" -section_id auto_signaltap_0
set_instance_assignment -name CONNECT_TO_SLD_NODE_ENTITY_PORT acq_data_in[13] -to SDRAM_DQ[0] -section_id auto_signaltap_0
set_instance_assignment -name CONNECT_TO_SLD_NODE_ENTITY_PORT acq_data_in[14] -to SDRAM_DQ[10] -section_id auto_signaltap_0
set_instance_assignment -name CONNECT_TO_SLD_NODE_ENTITY_PORT acq_data_in[15] -to SDRAM_DQ[11] -section_id auto_signaltap_0
set_instance_assignment -name CONNECT_TO_SLD_NODE_ENTITY_PORT acq_data_in[16] -to SDRAM_DQ[12] -section_id auto_signaltap_0
set_instance_assignment -name CONNECT_TO_SLD_NODE_ENTITY_PORT acq_data_in[17] -to SDRAM_DQ[13] -section_id auto_signaltap_0
set_instance_assignment -name CONNECT_TO_SLD_NODE_ENTITY_PORT acq_data_in[18] -to SDRAM_DQ[14] -section_id auto_signaltap_0
set_instance_assignment -name CONNECT_TO_SLD_NODE_ENTITY_PORT acq_data_in[19] -to SDRAM_DQ[15] -section_id auto_signaltap_0
set_instance_assignment -name CONNECT_TO_SLD_NODE_ENTITY_PORT acq_data_in[20] -to SDRAM_DQ[1] -section_id auto_signaltap_0
set_instance_assignment -name CONNECT_TO_SLD_NODE_ENTITY_PORT acq_data_in[21] -to SDRAM_DQ[2] -section_id auto_signaltap_0
set_instance_assignment -name CONNECT_TO_SLD_NODE_ENTITY_PORT acq_data_in[22] -to SDRAM_DQ[3] -section_id auto_signaltap_0
set_instance_assignment -name CONNECT_TO_SLD_NODE_ENTITY_PORT acq_data_in[23] -to SDRAM_DQ[4] -section_id auto_signaltap_0
set_instance_assignment -name CONNECT_TO_SLD_NODE_ENTITY_PORT acq_data_in[24] -to SDRAM_DQ[5] -section_id auto_signaltap_0
set_instance_assignment -name CONNECT_TO_SLD_NODE_ENTITY_PORT acq_data_in[25] -to SDRAM_DQ[6] -section_id auto_signaltap_0
set_instance_assignment -name CONNECT_TO_SLD_NODE_ENTITY_PORT acq_data_in[26] -to SDRAM_DQ[7] -section_id auto_signaltap_0
set_instance_assignment -name CONNECT_TO_SLD_NODE_ENTITY_PORT acq_data_in[27] -to SDRAM_DQ[8] -section_id auto_signaltap_0
set_instance_assignment -name CONNECT_TO_SLD_NODE_ENTITY_PORT acq_data_in[28] -to SDRAM_DQ[9] -section_id auto_signaltap_0
set_instance_assignment -name CONNECT_TO_SLD_NODE_ENTITY_PORT acq_data_in[29] -to "SDRAM_controller:sdram_c|SDRAM_IS_EMPTY" -section_id auto_signaltap_0
set_instance_assignment -name CONNECT_TO_SLD_NODE_ENTITY_PORT acq_data_in[30] -to "SDRAM_controller:sdram_c|cmd[0]" -section_id auto_signaltap_0
set_instance_assignment -name CONNECT_TO_SLD_NODE_ENTITY_PORT acq_data_in[31] -to "SDRAM_controller:sdram_c|cmd[1]" -section_id auto_signaltap_0
set_instance_assignment -name CONNECT_TO_SLD_NODE_ENTITY_PORT acq_data_in[32] -to "SDRAM_controller:sdram_c|cmd[2]" -section_id auto_signaltap_0
set_instance_assignment -name CONNECT_TO_SLD_NODE_ENTITY_PORT acq_data_in[33] -to "SDRAM_controller:sdram_c|cmd[3]" -section_id auto_signaltap_0
set_instance_assignment -name CONNECT_TO_SLD_NODE_ENTITY_PORT acq_data_in[34] -to "SDRAM_controller:sdram_c|data[0]" -section_id auto_signaltap_0
set_instance_assignment -name CONNECT_TO_SLD_NODE_ENTITY_PORT acq_data_in[35] -to "SDRAM_controller:sdram_c|data[10]" -section_id auto_signaltap_0
set_instance_assignment -name CONNECT_TO_SLD_NODE_ENTITY_PORT acq_data_in[36] -to "SDRAM_controller:sdram_c|data[11]" -section_id auto_signaltap_0
set_instance_assignment -name CONNECT_TO_SLD_NODE_ENTITY_PORT acq_data_in[37] -to "SDRAM_controller:sdram_c|data[12]" -section_id auto_signaltap_0
set_instance_assignment -name CONNECT_TO_SLD_NODE_ENTITY_PORT acq_data_in[38] -to "SDRAM_controller:sdram_c|data[13]" -section_id auto_signaltap_0
set_instance_assignment -name CONNECT_TO_SLD_NODE_ENTITY_PORT acq_data_in[39] -to "SDRAM_controller:sdram_c|data[14]" -section_id auto_signaltap_0
set_instance_assignment -name CONNECT_TO_SLD_NODE_ENTITY_PORT acq_data_in[40] -to "SDRAM_controller:sdram_c|data[15]" -section_id auto_signaltap_0
set_instance_assignment -name CONNECT_TO_SLD_NODE_ENTITY_PORT acq_data_in[41] -to "SDRAM_controller:sdram_c|data[1]" -section_id auto_signaltap_0
set_instance_assignment -name CONNECT_TO_SLD_NODE_ENTITY_PORT acq_data_in[42] -to "SDRAM_controller:sdram_c|data[2]" -section_id auto_signaltap_0
set_instance_assignment -name CONNECT_TO_SLD_NODE_ENTITY_PORT acq_data_in[43] -to "SDRAM_controller:sdram_c|data[3]" -section_id auto_signaltap_0
set_instance_assignment -name CONNECT_TO_SLD_NODE_ENTITY_PORT acq_data_in[44] -to "SDRAM_controller:sdram_c|data[4]" -section_id auto_signaltap_0
set_instance_assignment -name CONNECT_TO_SLD_NODE_ENTITY_PORT acq_data_in[45] -to "SDRAM_controller:sdram_c|data[5]" -section_id auto_signaltap_0
set_instance_assignment -name CONNECT_TO_SLD_NODE_ENTITY_PORT acq_data_in[46] -to "SDRAM_controller:sdram_c|data[6]" -section_id auto_signaltap_0
set_instance_assignment -name CONNECT_TO_SLD_NODE_ENTITY_PORT acq_data_in[47] -to "SDRAM_controller:sdram_c|data[7]" -section_id auto_signaltap_0
set_instance_assignment -name CONNECT_TO_SLD_NODE_ENTITY_PORT acq_data_in[48] -to "SDRAM_controller:sdram_c|data[8]" -section_id auto_signaltap_0
set_instance_assignment -name CONNECT_TO_SLD_NODE_ENTITY_PORT acq_data_in[49] -to "SDRAM_controller:sdram_c|data[9]" -section_id auto_signaltap_0
set_instance_assignment -name CONNECT_TO_SLD_NODE_ENTITY_PORT acq_data_in[50] -to "SDRAM_controller:sdram_c|fifo_tx_rdy" -section_id auto_signaltap_0
set_instance_assignment -name CONNECT_TO_SLD_NODE_ENTITY_PORT acq_data_in[51] -to "SDRAM_controller:sdram_c|refresh_counter[0]" -section_id auto_signaltap_0
set_instance_assignment -name CONNECT_TO_SLD_NODE_ENTITY_PORT acq_data_in[52] -to "SDRAM_controller:sdram_c|refresh_counter[10]" -section_id auto_signaltap_0
set_instance_assignment -name CONNECT_TO_SLD_NODE_ENTITY_PORT acq_data_in[53] -to "SDRAM_controller:sdram_c|refresh_counter[11]" -section_id auto_signaltap_0
set_instance_assignment -name CONNECT_TO_SLD_NODE_ENTITY_PORT acq_data_in[54] -to "SDRAM_controller:sdram_c|refresh_counter[12]" -section_id auto_signaltap_0
set_instance_assignment -name CONNECT_TO_SLD_NODE_ENTITY_PORT acq_data_in[55] -to "SDRAM_controller:sdram_c|refresh_counter[13]" -section_id auto_signaltap_0
set_instance_assignment -name CONNECT_TO_SLD_NODE_ENTITY_PORT acq_data_in[56] -to "SDRAM_controller:sdram_c|refresh_counter[1]" -section_id auto_signaltap_0
set_instance_assignment -name CONNECT_TO_SLD_NODE_ENTITY_PORT acq_data_in[57] -to "SDRAM_controller:sdram_c|refresh_counter[2]" -section_id auto_signaltap_0
set_instance_assignment -name CONNECT_TO_SLD_NODE_ENTITY_PORT acq_data_in[58] -to "SDRAM_controller:sdram_c|refresh_counter[3]" -section_id auto_signaltap_0
set_instance_assignment -name CONNECT_TO_SLD_NODE_ENTITY_PORT acq_data_in[59] -to "SDRAM_controller:sdram_c|refresh_counter[4]" -section_id auto_signaltap_0
set_instance_assignment -name CONNECT_TO_SLD_NODE_ENTITY_PORT acq_data_in[60] -to "SDRAM_controller:sdram_c|refresh_counter[5]" -section_id auto_signaltap_0
set_instance_assignment -name CONNECT_TO_SLD_NODE_ENTITY_PORT acq_data_in[61] -to "SDRAM_controller:sdram_c|refresh_counter[6]" -section_id auto_signaltap_0
set_instance_assignment -name CONNECT_TO_SLD_NODE_ENTITY_PORT acq_data_in[62] -to "SDRAM_controller:sdram_c|refresh_counter[7]" -section_id auto_signaltap_0
set_instance_assignment -name CONNECT_TO_SLD_NODE_ENTITY_PORT acq_data_in[63] -to "SDRAM_controller:sdram_c|refresh_counter[8]" -section_id auto_signaltap_0
set_instance_assignment -name CONNECT_TO_SLD_NODE_ENTITY_PORT acq_data_in[64] -to "SDRAM_controller:sdram_c|refresh_counter[9]" -section_id auto_signaltap_0
set_instance_assignment -name CONNECT_TO_SLD_NODE_ENTITY_PORT acq_trigger_in[81] -to "SDRAM_controller:sdram_c|sdram_q_asserted" -section_id auto_signaltap_0
set_instance_assignment -name CONNECT_TO_SLD_NODE_ENTITY_PORT acq_trigger_in[82] -to "SDRAM_controller:sdram_c|sdram_state.SDRAM_STATE_CONTROL" -section_id auto_signaltap_0
set_instance_assignment -name CONNECT_TO_SLD_NODE_ENTITY_PORT acq_trigger_in[83] -to "SDRAM_controller:sdram_c|sdram_state.SDRAM_STATE_FORCE_REFRESH" -section_id auto_signaltap_0
set_instance_assignment -name CONNECT_TO_SLD_NODE_ENTITY_PORT acq_trigger_in[84] -to "SDRAM_controller:sdram_c|sdram_state.SDRAM_STATE_INIT" -section_id auto_signaltap_0
set_instance_assignment -name CONNECT_TO_SLD_NODE_ENTITY_PORT acq_trigger_in[85] -to "SDRAM_controller:sdram_c|sdram_state.SDRAM_STATE_READ" -section_id auto_signaltap_0
set_instance_assignment -name CONNECT_TO_SLD_NODE_ENTITY_PORT acq_trigger_in[86] -to "SDRAM_controller:sdram_c|sdram_state.SDRAM_STATE_REFRESH" -section_id auto_signaltap_0
set_instance_assignment -name CONNECT_TO_SLD_NODE_ENTITY_PORT acq_trigger_in[87] -to "SDRAM_controller:sdram_c|sdram_state.SDRAM_STATE_WRITE" -section_id auto_signaltap_0
set_instance_assignment -name CONNECT_TO_SLD_NODE_ENTITY_PORT acq_data_in[81] -to "SDRAM_controller:sdram_c|sdram_q_asserted" -section_id auto_signaltap_0
set_instance_assignment -name CONNECT_TO_SLD_NODE_ENTITY_PORT acq_data_in[82] -to "SDRAM_controller:sdram_c|sdram_state.SDRAM_STATE_CONTROL" -section_id auto_signaltap_0
set_instance_assignment -name CONNECT_TO_SLD_NODE_ENTITY_PORT acq_data_in[83] -to "SDRAM_controller:sdram_c|sdram_state.SDRAM_STATE_FORCE_REFRESH" -section_id auto_signaltap_0
set_instance_assignment -name CONNECT_TO_SLD_NODE_ENTITY_PORT acq_data_in[84] -to "SDRAM_controller:sdram_c|sdram_state.SDRAM_STATE_INIT" -section_id auto_signaltap_0
set_instance_assignment -name CONNECT_TO_SLD_NODE_ENTITY_PORT acq_data_in[85] -to "SDRAM_controller:sdram_c|sdram_state.SDRAM_STATE_READ" -section_id auto_signaltap_0
set_instance_assignment -name CONNECT_TO_SLD_NODE_ENTITY_PORT acq_data_in[86] -to "SDRAM_controller:sdram_c|sdram_state.SDRAM_STATE_REFRESH" -section_id auto_signaltap_0
set_instance_assignment -name CONNECT_TO_SLD_NODE_ENTITY_PORT acq_data_in[87] -to "SDRAM_controller:sdram_c|sdram_state.SDRAM_STATE_WRITE" -section_id auto_signaltap_0
set_instance_assignment -name CONNECT_TO_SLD_NODE_ENTITY_PORT acq_trigger_in[65] -to "SDRAM_controller:sdram_c|sdram_q[0]" -section_id auto_signaltap_0
set_instance_assignment -name CONNECT_TO_SLD_NODE_ENTITY_PORT acq_trigger_in[66] -to "SDRAM_controller:sdram_c|sdram_q[10]" -section_id auto_signaltap_0
set_instance_assignment -name CONNECT_TO_SLD_NODE_ENTITY_PORT acq_trigger_in[67] -to "SDRAM_controller:sdram_c|sdram_q[11]" -section_id auto_signaltap_0
set_instance_assignment -name CONNECT_TO_SLD_NODE_ENTITY_PORT acq_trigger_in[68] -to "SDRAM_controller:sdram_c|sdram_q[12]" -section_id auto_signaltap_0
set_instance_assignment -name CONNECT_TO_SLD_NODE_ENTITY_PORT acq_trigger_in[69] -to "SDRAM_controller:sdram_c|sdram_q[13]" -section_id auto_signaltap_0
set_instance_assignment -name CONNECT_TO_SLD_NODE_ENTITY_PORT acq_trigger_in[70] -to "SDRAM_controller:sdram_c|sdram_q[14]" -section_id auto_signaltap_0
set_instance_assignment -name CONNECT_TO_SLD_NODE_ENTITY_PORT acq_trigger_in[71] -to "SDRAM_controller:sdram_c|sdram_q[15]" -section_id auto_signaltap_0
set_instance_assignment -name CONNECT_TO_SLD_NODE_ENTITY_PORT acq_trigger_in[72] -to "SDRAM_controller:sdram_c|sdram_q[1]" -section_id auto_signaltap_0
set_instance_assignment -name CONNECT_TO_SLD_NODE_ENTITY_PORT acq_trigger_in[73] -to "SDRAM_controller:sdram_c|sdram_q[2]" -section_id auto_signaltap_0
set_instance_assignment -name CONNECT_TO_SLD_NODE_ENTITY_PORT acq_trigger_in[74] -to "SDRAM_controller:sdram_c|sdram_q[3]" -section_id auto_signaltap_0
set_instance_assignment -name CONNECT_TO_SLD_NODE_ENTITY_PORT acq_trigger_in[75] -to "SDRAM_controller:sdram_c|sdram_q[4]" -section_id auto_signaltap_0
set_instance_assignment -name CONNECT_TO_SLD_NODE_ENTITY_PORT acq_trigger_in[76] -to "SDRAM_controller:sdram_c|sdram_q[5]" -section_id auto_signaltap_0
set_instance_assignment -name CONNECT_TO_SLD_NODE_ENTITY_PORT acq_trigger_in[77] -to "SDRAM_controller:sdram_c|sdram_q[6]" -section_id auto_signaltap_0
set_instance_assignment -name CONNECT_TO_SLD_NODE_ENTITY_PORT acq_trigger_in[78] -to "SDRAM_controller:sdram_c|sdram_q[7]" -section_id auto_signaltap_0
set_instance_assignment -name CONNECT_TO_SLD_NODE_ENTITY_PORT acq_trigger_in[79] -to "SDRAM_controller:sdram_c|sdram_q[8]" -section_id auto_signaltap_0
set_instance_assignment -name CONNECT_TO_SLD_NODE_ENTITY_PORT acq_trigger_in[80] -to "SDRAM_controller:sdram_c|sdram_q[9]" -section_id auto_signaltap_0
set_instance_assignment -name CONNECT_TO_SLD_NODE_ENTITY_PORT acq_data_in[65] -to "SDRAM_controller:sdram_c|sdram_q[0]" -section_id auto_signaltap_0
set_instance_assignment -name CONNECT_TO_SLD_NODE_ENTITY_PORT acq_data_in[66] -to "SDRAM_controller:sdram_c|sdram_q[10]" -section_id auto_signaltap_0
set_instance_assignment -name CONNECT_TO_SLD_NODE_ENTITY_PORT acq_data_in[67] -to "SDRAM_controller:sdram_c|sdram_q[11]" -section_id auto_signaltap_0
set_instance_assignment -name CONNECT_TO_SLD_NODE_ENTITY_PORT acq_data_in[68] -to "SDRAM_controller:sdram_c|sdram_q[12]" -section_id auto_signaltap_0
set_instance_assignment -name CONNECT_TO_SLD_NODE_ENTITY_PORT acq_data_in[69] -to "SDRAM_controller:sdram_c|sdram_q[13]" -section_id auto_signaltap_0
set_instance_assignment -name CONNECT_TO_SLD_NODE_ENTITY_PORT acq_data_in[70] -to "SDRAM_controller:sdram_c|sdram_q[14]" -section_id auto_signaltap_0
set_instance_assignment -name CONNECT_TO_SLD_NODE_ENTITY_PORT acq_data_in[71] -to "SDRAM_controller:sdram_c|sdram_q[15]" -section_id auto_signaltap_0
set_instance_assignment -name CONNECT_TO_SLD_NODE_ENTITY_PORT acq_data_in[72] -to "SDRAM_controller:sdram_c|sdram_q[1]" -section_id auto_signaltap_0
set_instance_assignment -name CONNECT_TO_SLD_NODE_ENTITY_PORT acq_data_in[73] -to "SDRAM_controller:sdram_c|sdram_q[2]" -section_id auto_signaltap_0
set_instance_assignment -name CONNECT_TO_SLD_NODE_ENTITY_PORT acq_data_in[74] -to "SDRAM_controller:sdram_c|sdram_q[3]" -section_id auto_signaltap_0
set_instance_assignment -name CONNECT_TO_SLD_NODE_ENTITY_PORT acq_data_in[75] -to "SDRAM_controller:sdram_c|sdram_q[4]" -section_id auto_signaltap_0
set_instance_assignment -name CONNECT_TO_SLD_NODE_ENTITY_PORT acq_data_in[76] -to "SDRAM_controller:sdram_c|sdram_q[5]" -section_id auto_signaltap_0
set_instance_assignment -name CONNECT_TO_SLD_NODE_ENTITY_PORT acq_data_in[77] -to "SDRAM_controller:sdram_c|sdram_q[6]" -section_id auto_signaltap_0
set_instance_assignment -name CONNECT_TO_SLD_NODE_ENTITY_PORT acq_data_in[78] -to "SDRAM_controller:sdram_c|sdram_q[7]" -section_id auto_signaltap_0
set_instance_assignment -name CONNECT_TO_SLD_NODE_ENTITY_PORT acq_data_in[79] -to "SDRAM_controller:sdram_c|sdram_q[8]" -section_id auto_signaltap_0
set_instance_assignment -name CONNECT_TO_SLD_NODE_ENTITY_PORT acq_data_in[80] -to "SDRAM_controller:sdram_c|sdram_q[9]" -section_id auto_signaltap_0
set_instance_assignment -name CONNECT_TO_SLD_NODE_ENTITY_PORT acq_trigger_in[88] -to SDRAM_nCAS -section_id auto_signaltap_0
set_instance_assignment -name CONNECT_TO_SLD_NODE_ENTITY_PORT acq_trigger_in[89] -to SDRAM_nCS -section_id auto_signaltap_0
set_instance_assignment -name CONNECT_TO_SLD_NODE_ENTITY_PORT acq_trigger_in[90] -to SDRAM_nRAS -section_id auto_signaltap_0
set_instance_assignment -name CONNECT_TO_SLD_NODE_ENTITY_PORT acq_trigger_in[91] -to SDRAM_nWE -section_id auto_signaltap_0
set_instance_assignment -name CONNECT_TO_SLD_NODE_ENTITY_PORT acq_trigger_in[92] -to "fifo:fifo_from_sdram|data[0]" -section_id auto_signaltap_0
set_instance_assignment -name CONNECT_TO_SLD_NODE_ENTITY_PORT acq_trigger_in[93] -to "fifo:fifo_from_sdram|data[10]" -section_id auto_signaltap_0
set_instance_assignment -name CONNECT_TO_SLD_NODE_ENTITY_PORT acq_trigger_in[94] -to "fifo:fifo_from_sdram|data[11]" -section_id auto_signaltap_0
set_instance_assignment -name CONNECT_TO_SLD_NODE_ENTITY_PORT acq_trigger_in[95] -to "fifo:fifo_from_sdram|data[12]" -section_id auto_signaltap_0
set_instance_assignment -name CONNECT_TO_SLD_NODE_ENTITY_PORT acq_trigger_in[96] -to "fifo:fifo_from_sdram|data[13]" -section_id auto_signaltap_0
set_instance_assignment -name CONNECT_TO_SLD_NODE_ENTITY_PORT acq_trigger_in[97] -to "fifo:fifo_from_sdram|data[14]" -section_id auto_signaltap_0
set_instance_assignment -name CONNECT_TO_SLD_NODE_ENTITY_PORT acq_trigger_in[98] -to "fifo:fifo_from_sdram|data[15]" -section_id auto_signaltap_0
set_instance_assignment -name CONNECT_TO_SLD_NODE_ENTITY_PORT acq_trigger_in[99] -to "fifo:fifo_from_sdram|data[1]" -section_id auto_signaltap_0
set_instance_assignment -name CONNECT_TO_SLD_NODE_ENTITY_PORT acq_trigger_in[100] -to "fifo:fifo_from_sdram|data[2]" -section_id auto_signaltap_0
set_instance_assignment -name CONNECT_TO_SLD_NODE_ENTITY_PORT acq_trigger_in[101] -to "fifo:fifo_from_sdram|data[3]" -section_id auto_signaltap_0
set_instance_assignment -name CONNECT_TO_SLD_NODE_ENTITY_PORT acq_trigger_in[102] -to "fifo:fifo_from_sdram|data[4]" -section_id auto_signaltap_0
set_instance_assignment -name CONNECT_TO_SLD_NODE_ENTITY_PORT acq_trigger_in[103] -to "fifo:fifo_from_sdram|data[5]" -section_id auto_signaltap_0
set_instance_assignment -name CONNECT_TO_SLD_NODE_ENTITY_PORT acq_trigger_in[104] -to "fifo:fifo_from_sdram|data[6]" -section_id auto_signaltap_0
set_instance_assignment -name CONNECT_TO_SLD_NODE_ENTITY_PORT acq_trigger_in[105] -to "fifo:fifo_from_sdram|data[7]" -section_id auto_signaltap_0
set_instance_assignment -name CONNECT_TO_SLD_NODE_ENTITY_PORT acq_trigger_in[106] -to "fifo:fifo_from_sdram|data[8]" -section_id auto_signaltap_0
set_instance_assignment -name CONNECT_TO_SLD_NODE_ENTITY_PORT acq_trigger_in[107] -to "fifo:fifo_from_sdram|data[9]" -section_id auto_signaltap_0
set_instance_assignment -name CONNECT_TO_SLD_NODE_ENTITY_PORT acq_data_in[88] -to SDRAM_nCAS -section_id auto_signaltap_0
set_instance_assignment -name CONNECT_TO_SLD_NODE_ENTITY_PORT acq_data_in[89] -to SDRAM_nCS -section_id auto_signaltap_0
set_instance_assignment -name CONNECT_TO_SLD_NODE_ENTITY_PORT acq_data_in[90] -to SDRAM_nRAS -section_id auto_signaltap_0
set_instance_assignment -name CONNECT_TO_SLD_NODE_ENTITY_PORT acq_data_in[91] -to SDRAM_nWE -section_id auto_signaltap_0
set_instance_assignment -name CONNECT_TO_SLD_NODE_ENTITY_PORT acq_data_in[92] -to "fifo:fifo_from_sdram|data[0]" -section_id auto_signaltap_0
set_instance_assignment -name CONNECT_TO_SLD_NODE_ENTITY_PORT acq_data_in[93] -to "fifo:fifo_from_sdram|data[10]" -section_id auto_signaltap_0
set_instance_assignment -name CONNECT_TO_SLD_NODE_ENTITY_PORT acq_data_in[94] -to "fifo:fifo_from_sdram|data[11]" -section_id auto_signaltap_0
set_instance_assignment -name CONNECT_TO_SLD_NODE_ENTITY_PORT acq_data_in[95] -to "fifo:fifo_from_sdram|data[12]" -section_id auto_signaltap_0
set_instance_assignment -name CONNECT_TO_SLD_NODE_ENTITY_PORT acq_data_in[96] -to "fifo:fifo_from_sdram|data[13]" -section_id auto_signaltap_0
set_instance_assignment -name CONNECT_TO_SLD_NODE_ENTITY_PORT acq_data_in[97] -to "fifo:fifo_from_sdram|data[14]" -section_id auto_signaltap_0
set_instance_assignment -name CONNECT_TO_SLD_NODE_ENTITY_PORT acq_data_in[98] -to "fifo:fifo_from_sdram|data[15]" -section_id auto_signaltap_0
set_instance_assignment -name CONNECT_TO_SLD_NODE_ENTITY_PORT acq_data_in[99] -to "fifo:fifo_from_sdram|data[1]" -section_id auto_signaltap_0
set_instance_assignment -name CONNECT_TO_SLD_NODE_ENTITY_PORT acq_data_in[100] -to "fifo:fifo_from_sdram|data[2]" -section_id auto_signaltap_0
set_instance_assignment -name CONNECT_TO_SLD_NODE_ENTITY_PORT acq_data_in[101] -to "fifo:fifo_from_sdram|data[3]" -section_id auto_signaltap_0
set_instance_assignment -name CONNECT_TO_SLD_NODE_ENTITY_PORT acq_data_in[102] -to "fifo:fifo_from_sdram|data[4]" -section_id auto_signaltap_0
set_instance_assignment -name CONNECT_TO_SLD_NODE_ENTITY_PORT acq_data_in[103] -to "fifo:fifo_from_sdram|data[5]" -section_id auto_signaltap_0
set_instance_assignment -name CONNECT_TO_SLD_NODE_ENTITY_PORT acq_data_in[104] -to "fifo:fifo_from_sdram|data[6]" -section_id auto_signaltap_0
set_instance_assignment -name CONNECT_TO_SLD_NODE_ENTITY_PORT acq_data_in[105] -to "fifo:fifo_from_sdram|data[7]" -section_id auto_signaltap_0
set_instance_assignment -name CONNECT_TO_SLD_NODE_ENTITY_PORT acq_data_in[106] -to "fifo:fifo_from_sdram|data[8]" -section_id auto_signaltap_0
set_instance_assignment -name CONNECT_TO_SLD_NODE_ENTITY_PORT acq_data_in[107] -to "fifo:fifo_from_sdram|data[9]" -section_id auto_signaltap_0
set_instance_assignment -name CONNECT_TO_SLD_NODE_ENTITY_PORT acq_trigger_in[108] -to "fifo:fifo_from_sdram|q[0]" -section_id auto_signaltap_0
set_instance_assignment -name CONNECT_TO_SLD_NODE_ENTITY_PORT acq_trigger_in[109] -to "fifo:fifo_from_sdram|q[10]" -section_id auto_signaltap_0
set_instance_assignment -name CONNECT_TO_SLD_NODE_ENTITY_PORT acq_trigger_in[110] -to "fifo:fifo_from_sdram|q[11]" -section_id auto_signaltap_0
set_instance_assignment -name CONNECT_TO_SLD_NODE_ENTITY_PORT acq_trigger_in[111] -to "fifo:fifo_from_sdram|q[12]" -section_id auto_signaltap_0
set_instance_assignment -name CONNECT_TO_SLD_NODE_ENTITY_PORT acq_trigger_in[112] -to "fifo:fifo_from_sdram|q[13]" -section_id auto_signaltap_0
set_instance_assignment -name CONNECT_TO_SLD_NODE_ENTITY_PORT acq_trigger_in[113] -to "fifo:fifo_from_sdram|q[14]" -section_id auto_signaltap_0
set_instance_assignment -name CONNECT_TO_SLD_NODE_ENTITY_PORT acq_trigger_in[114] -to "fifo:fifo_from_sdram|q[15]" -section_id auto_signaltap_0
set_instance_assignment -name CONNECT_TO_SLD_NODE_ENTITY_PORT acq_trigger_in[115] -to "fifo:fifo_from_sdram|q[1]" -section_id auto_signaltap_0
set_instance_assignment -name CONNECT_TO_SLD_NODE_ENTITY_PORT acq_trigger_in[116] -to "fifo:fifo_from_sdram|q[2]" -section_id auto_signaltap_0
set_instance_assignment -name CONNECT_TO_SLD_NODE_ENTITY_PORT acq_trigger_in[117] -to "fifo:fifo_from_sdram|q[3]" -section_id auto_signaltap_0
set_instance_assignment -name CONNECT_TO_SLD_NODE_ENTITY_PORT acq_trigger_in[118] -to "fifo:fifo_from_sdram|q[4]" -section_id auto_signaltap_0
set_instance_assignment -name CONNECT_TO_SLD_NODE_ENTITY_PORT acq_trigger_in[119] -to "fifo:fifo_from_sdram|q[5]" -section_id auto_signaltap_0
set_instance_assignment -name CONNECT_TO_SLD_NODE_ENTITY_PORT acq_trigger_in[120] -to "fifo:fifo_from_sdram|q[6]" -section_id auto_signaltap_0
set_instance_assignment -name CONNECT_TO_SLD_NODE_ENTITY_PORT acq_trigger_in[121] -to "fifo:fifo_from_sdram|q[7]" -section_id auto_signaltap_0
set_instance_assignment -name CONNECT_TO_SLD_NODE_ENTITY_PORT acq_trigger_in[122] -to "fifo:fifo_from_sdram|q[8]" -section_id auto_signaltap_0
set_instance_assignment -name CONNECT_TO_SLD_NODE_ENTITY_PORT acq_trigger_in[123] -to "fifo:fifo_from_sdram|q[9]" -section_id auto_signaltap_0
set_instance_assignment -name CONNECT_TO_SLD_NODE_ENTITY_PORT acq_data_in[108] -to "fifo:fifo_from_sdram|q[0]" -section_id auto_signaltap_0
set_instance_assignment -name CONNECT_TO_SLD_NODE_ENTITY_PORT acq_data_in[109] -to "fifo:fifo_from_sdram|q[10]" -section_id auto_signaltap_0
set_instance_assignment -name CONNECT_TO_SLD_NODE_ENTITY_PORT acq_data_in[110] -to "fifo:fifo_from_sdram|q[11]" -section_id auto_signaltap_0
set_instance_assignment -name CONNECT_TO_SLD_NODE_ENTITY_PORT acq_data_in[111] -to "fifo:fifo_from_sdram|q[12]" -section_id auto_signaltap_0
set_instance_assignment -name CONNECT_TO_SLD_NODE_ENTITY_PORT acq_data_in[112] -to "fifo:fifo_from_sdram|q[13]" -section_id auto_signaltap_0
set_instance_assignment -name CONNECT_TO_SLD_NODE_ENTITY_PORT acq_data_in[113] -to "fifo:fifo_from_sdram|q[14]" -section_id auto_signaltap_0
set_instance_assignment -name CONNECT_TO_SLD_NODE_ENTITY_PORT acq_data_in[114] -to "fifo:fifo_from_sdram|q[15]" -section_id auto_signaltap_0
set_instance_assignment -name CONNECT_TO_SLD_NODE_ENTITY_PORT acq_data_in[115] -to "fifo:fifo_from_sdram|q[1]" -section_id auto_signaltap_0
set_instance_assignment -name CONNECT_TO_SLD_NODE_ENTITY_PORT acq_data_in[116] -to "fifo:fifo_from_sdram|q[2]" -section_id auto_signaltap_0
set_instance_assignment -name CONNECT_TO_SLD_NODE_ENTITY_PORT acq_data_in[117] -to "fifo:fifo_from_sdram|q[3]" -section_id auto_signaltap_0
set_instance_assignment -name CONNECT_TO_SLD_NODE_ENTITY_PORT acq_data_in[118] -to "fifo:fifo_from_sdram|q[4]" -section_id auto_signaltap_0
set_instance_assignment -name CONNECT_TO_SLD_NODE_ENTITY_PORT acq_data_in[119] -to "fifo:fifo_from_sdram|q[5]" -section_id auto_signaltap_0
set_instance_assignment -name CONNECT_TO_SLD_NODE_ENTITY_PORT acq_data_in[120] -to "fifo:fifo_from_sdram|q[6]" -section_id auto_signaltap_0
set_instance_assignment -name CONNECT_TO_SLD_NODE_ENTITY_PORT acq_data_in[121] -to "fifo:fifo_from_sdram|q[7]" -section_id auto_signaltap_0
set_instance_assignment -name CONNECT_TO_SLD_NODE_ENTITY_PORT acq_data_in[122] -to "fifo:fifo_from_sdram|q[8]" -section_id auto_signaltap_0
set_instance_assignment -name CONNECT_TO_SLD_NODE_ENTITY_PORT acq_data_in[123] -to "fifo:fifo_from_sdram|q[9]" -section_id auto_signaltap_0
set_instance_assignment -name CONNECT_TO_SLD_NODE_ENTITY_PORT acq_trigger_in[124] -to "fifo:fifo_from_sdram|wrreq" -section_id auto_signaltap_0
set_instance_assignment -name CONNECT_TO_SLD_NODE_ENTITY_PORT acq_trigger_in[125] -to "fifo:fifo_to_sdram|q[0]" -section_id auto_signaltap_0
set_instance_assignment -name CONNECT_TO_SLD_NODE_ENTITY_PORT acq_trigger_in[126] -to "fifo:fifo_to_sdram|q[10]" -section_id auto_signaltap_0
set_instance_assignment -name CONNECT_TO_SLD_NODE_ENTITY_PORT acq_trigger_in[127] -to "fifo:fifo_to_sdram|q[11]" -section_id auto_signaltap_0
set_instance_assignment -name CONNECT_TO_SLD_NODE_ENTITY_PORT acq_trigger_in[128] -to "fifo:fifo_to_sdram|q[12]" -section_id auto_signaltap_0
set_instance_assignment -name CONNECT_TO_SLD_NODE_ENTITY_PORT acq_trigger_in[129] -to "fifo:fifo_to_sdram|q[13]" -section_id auto_signaltap_0
set_instance_assignment -name CONNECT_TO_SLD_NODE_ENTITY_PORT acq_trigger_in[130] -to "fifo:fifo_to_sdram|q[14]" -section_id auto_signaltap_0
set_instance_assignment -name CONNECT_TO_SLD_NODE_ENTITY_PORT acq_trigger_in[131] -to "fifo:fifo_to_sdram|q[15]" -section_id auto_signaltap_0
set_instance_assignment -name CONNECT_TO_SLD_NODE_ENTITY_PORT acq_trigger_in[132] -to "fifo:fifo_to_sdram|q[1]" -section_id auto_signaltap_0
set_instance_assignment -name CONNECT_TO_SLD_NODE_ENTITY_PORT acq_trigger_in[133] -to "fifo:fifo_to_sdram|q[2]" -section_id auto_signaltap_0
set_instance_assignment -name CONNECT_TO_SLD_NODE_ENTITY_PORT acq_trigger_in[134] -to "fifo:fifo_to_sdram|q[3]" -section_id auto_signaltap_0
set_instance_assignment -name CONNECT_TO_SLD_NODE_ENTITY_PORT acq_trigger_in[135] -to "fifo:fifo_to_sdram|q[4]" -section_id auto_signaltap_0
set_instance_assignment -name CONNECT_TO_SLD_NODE_ENTITY_PORT acq_trigger_in[136] -to "fifo:fifo_to_sdram|q[5]" -section_id auto_signaltap_0
set_instance_assignment -name CONNECT_TO_SLD_NODE_ENTITY_PORT acq_trigger_in[137] -to "fifo:fifo_to_sdram|q[6]" -section_id auto_signaltap_0
set_instance_assignment -name CONNECT_TO_SLD_NODE_ENTITY_PORT acq_trigger_in[138] -to "fifo:fifo_to_sdram|q[7]" -section_id auto_signaltap_0
set_instance_assignment -name CONNECT_TO_SLD_NODE_ENTITY_PORT acq_trigger_in[139] -to "fifo:fifo_to_sdram|q[8]" -section_id auto_signaltap_0
set_instance_assignment -name CONNECT_TO_SLD_NODE_ENTITY_PORT acq_trigger_in[140] -to "fifo:fifo_to_sdram|q[9]" -section_id auto_signaltap_0
set_instance_assignment -name CONNECT_TO_SLD_NODE_ENTITY_PORT acq_data_in[124] -to "fifo:fifo_from_sdram|wrreq" -section_id auto_signaltap_0
set_instance_assignment -name CONNECT_TO_SLD_NODE_ENTITY_PORT acq_data_in[125] -to "fifo:fifo_to_sdram|q[0]" -section_id auto_signaltap_0
set_instance_assignment -name CONNECT_TO_SLD_NODE_ENTITY_PORT acq_data_in[126] -to "fifo:fifo_to_sdram|q[10]" -section_id auto_signaltap_0
set_instance_assignment -name CONNECT_TO_SLD_NODE_ENTITY_PORT acq_data_in[127] -to "fifo:fifo_to_sdram|q[11]" -section_id auto_signaltap_0
set_instance_assignment -name CONNECT_TO_SLD_NODE_ENTITY_PORT acq_data_in[128] -to "fifo:fifo_to_sdram|q[12]" -section_id auto_signaltap_0
set_instance_assignment -name CONNECT_TO_SLD_NODE_ENTITY_PORT acq_data_in[129] -to "fifo:fifo_to_sdram|q[13]" -section_id auto_signaltap_0
set_instance_assignment -name CONNECT_TO_SLD_NODE_ENTITY_PORT acq_data_in[130] -to "fifo:fifo_to_sdram|q[14]" -section_id auto_signaltap_0
set_instance_assignment -name CONNECT_TO_SLD_NODE_ENTITY_PORT acq_data_in[131] -to "fifo:fifo_to_sdram|q[15]" -section_id auto_signaltap_0
set_instance_assignment -name CONNECT_TO_SLD_NODE_ENTITY_PORT acq_data_in[132] -to "fifo:fifo_to_sdram|q[1]" -section_id auto_signaltap_0
set_instance_assignment -name CONNECT_TO_SLD_NODE_ENTITY_PORT acq_data_in[133] -to "fifo:fifo_to_sdram|q[2]" -section_id auto_signaltap_0
set_instance_assignment -name CONNECT_TO_SLD_NODE_ENTITY_PORT acq_data_in[134] -to "fifo:fifo_to_sdram|q[3]" -section_id auto_signaltap_0
set_instance_assignment -name CONNECT_TO_SLD_NODE_ENTITY_PORT acq_data_in[135] -to "fifo:fifo_to_sdram|q[4]" -section_id auto_signaltap_0
set_instance_assignment -name CONNECT_TO_SLD_NODE_ENTITY_PORT acq_data_in[136] -to "fifo:fifo_to_sdram|q[5]" -section_id auto_signaltap_0
set_instance_assignment -name CONNECT_TO_SLD_NODE_ENTITY_PORT acq_data_in[137] -to "fifo:fifo_to_sdram|q[6]" -section_id auto_signaltap_0
set_instance_assignment -name CONNECT_TO_SLD_NODE_ENTITY_PORT acq_data_in[138] -to "fifo:fifo_to_sdram|q[7]" -section_id auto_signaltap_0
set_instance_assignment -name CONNECT_TO_SLD_NODE_ENTITY_PORT acq_data_in[139] -to "fifo:fifo_to_sdram|q[8]" -section_id auto_signaltap_0
set_instance_assignment -name CONNECT_TO_SLD_NODE_ENTITY_PORT acq_data_in[140] -to "fifo:fifo_to_sdram|q[9]" -section_id auto_signaltap_0
set_global_assignment -name VERILOG_FILE src/code/fifo_ftdi_adapter.v
set_global_assignment -name VERILOG_FILE src/code/cmd_controller.v
set_global_assignment -name VERILOG_INCLUDE_FILE src/code/mode_reg_defs.vh
set_global_assignment -name QIP_FILE src/ip/pll/pll.qip
set_global_assignment -name VERILOG_FILE src/code/usb_test.v
set_global_assignment -name SIGNALTAP_FILE output_files/logic_analizator.stp
set_global_assignment -name QIP_FILE src/ip/fifo/fifo.qip
set_global_assignment -name QIP_FILE src/ip/ram_1_port/ram_1_port.qip
set_global_assignment -name VERILOG_FILE src/code/sdram_controller.v
set_global_assignment -name VERILOG_INCLUDE_FILE src/code/commands.vh
set_global_assignment -name SIGNALTAP_FILE src/code/sdram_c_la.stp
set_global_assignment -name VERILOG_FILE src/code/stream_generator.v
set_global_assignment -name VERILOG_FILE src/code/gen_fifo_adapter.v
set_global_assignment -name SIGNALTAP_FILE src/code/gen&adapter.stp
set_global_assignment -name VERILOG_FILE src/code/fifo_rd_controller.v
set_instance_assignment -name CONNECT_TO_SLD_NODE_ENTITY_PORT acq_trigger_in[141] -to "fifo_ftdi_adapter:ff_adapter|data_from_fifo[0]" -section_id auto_signaltap_0
set_instance_assignment -name CONNECT_TO_SLD_NODE_ENTITY_PORT acq_trigger_in[142] -to "fifo_ftdi_adapter:ff_adapter|data_from_fifo[10]" -section_id auto_signaltap_0
set_instance_assignment -name CONNECT_TO_SLD_NODE_ENTITY_PORT acq_trigger_in[143] -to "fifo_ftdi_adapter:ff_adapter|data_from_fifo[11]" -section_id auto_signaltap_0
set_instance_assignment -name CONNECT_TO_SLD_NODE_ENTITY_PORT acq_trigger_in[144] -to "fifo_ftdi_adapter:ff_adapter|data_from_fifo[12]" -section_id auto_signaltap_0
set_instance_assignment -name CONNECT_TO_SLD_NODE_ENTITY_PORT acq_trigger_in[145] -to "fifo_ftdi_adapter:ff_adapter|data_from_fifo[13]" -section_id auto_signaltap_0
set_instance_assignment -name CONNECT_TO_SLD_NODE_ENTITY_PORT acq_trigger_in[146] -to "fifo_ftdi_adapter:ff_adapter|data_from_fifo[14]" -section_id auto_signaltap_0
set_instance_assignment -name CONNECT_TO_SLD_NODE_ENTITY_PORT acq_trigger_in[147] -to "fifo_ftdi_adapter:ff_adapter|data_from_fifo[15]" -section_id auto_signaltap_0
set_instance_assignment -name CONNECT_TO_SLD_NODE_ENTITY_PORT acq_trigger_in[148] -to "fifo_ftdi_adapter:ff_adapter|data_from_fifo[1]" -section_id auto_signaltap_0
set_instance_assignment -name CONNECT_TO_SLD_NODE_ENTITY_PORT acq_trigger_in[149] -to "fifo_ftdi_adapter:ff_adapter|data_from_fifo[2]" -section_id auto_signaltap_0
set_instance_assignment -name CONNECT_TO_SLD_NODE_ENTITY_PORT acq_trigger_in[150] -to "fifo_ftdi_adapter:ff_adapter|data_from_fifo[3]" -section_id auto_signaltap_0
set_instance_assignment -name CONNECT_TO_SLD_NODE_ENTITY_PORT acq_trigger_in[151] -to "fifo_ftdi_adapter:ff_adapter|data_from_fifo[4]" -section_id auto_signaltap_0
set_instance_assignment -name CONNECT_TO_SLD_NODE_ENTITY_PORT acq_trigger_in[152] -to "fifo_ftdi_adapter:ff_adapter|data_from_fifo[5]" -section_id auto_signaltap_0
set_instance_assignment -name CONNECT_TO_SLD_NODE_ENTITY_PORT acq_trigger_in[153] -to "fifo_ftdi_adapter:ff_adapter|data_from_fifo[6]" -section_id auto_signaltap_0
set_instance_assignment -name CONNECT_TO_SLD_NODE_ENTITY_PORT acq_trigger_in[154] -to "fifo_ftdi_adapter:ff_adapter|data_from_fifo[7]" -section_id auto_signaltap_0
set_instance_assignment -name CONNECT_TO_SLD_NODE_ENTITY_PORT acq_trigger_in[155] -to "fifo_ftdi_adapter:ff_adapter|data_from_fifo[8]" -section_id auto_signaltap_0
set_instance_assignment -name CONNECT_TO_SLD_NODE_ENTITY_PORT acq_trigger_in[156] -to "fifo_ftdi_adapter:ff_adapter|data_from_fifo[9]" -section_id auto_signaltap_0
set_instance_assignment -name CONNECT_TO_SLD_NODE_ENTITY_PORT acq_trigger_in[157] -to "fifo_ftdi_adapter:ff_adapter|data_to_ftdi[0]" -section_id auto_signaltap_0
set_instance_assignment -name CONNECT_TO_SLD_NODE_ENTITY_PORT acq_trigger_in[158] -to "fifo_ftdi_adapter:ff_adapter|data_to_ftdi[1]" -section_id auto_signaltap_0
set_instance_assignment -name CONNECT_TO_SLD_NODE_ENTITY_PORT acq_trigger_in[159] -to "fifo_ftdi_adapter:ff_adapter|data_to_ftdi[2]" -section_id auto_signaltap_0
set_instance_assignment -name CONNECT_TO_SLD_NODE_ENTITY_PORT acq_trigger_in[160] -to "fifo_ftdi_adapter:ff_adapter|data_to_ftdi[3]" -section_id auto_signaltap_0
set_instance_assignment -name CONNECT_TO_SLD_NODE_ENTITY_PORT acq_trigger_in[161] -to "fifo_ftdi_adapter:ff_adapter|data_to_ftdi[4]" -section_id auto_signaltap_0
set_instance_assignment -name CONNECT_TO_SLD_NODE_ENTITY_PORT acq_trigger_in[162] -to "fifo_ftdi_adapter:ff_adapter|data_to_ftdi[5]" -section_id auto_signaltap_0
set_instance_assignment -name CONNECT_TO_SLD_NODE_ENTITY_PORT acq_trigger_in[163] -to "fifo_ftdi_adapter:ff_adapter|data_to_ftdi[6]" -section_id auto_signaltap_0
set_instance_assignment -name CONNECT_TO_SLD_NODE_ENTITY_PORT acq_trigger_in[164] -to "fifo_ftdi_adapter:ff_adapter|data_to_ftdi[7]" -section_id auto_signaltap_0
set_instance_assignment -name CONNECT_TO_SLD_NODE_ENTITY_PORT acq_data_in[141] -to "fifo_ftdi_adapter:ff_adapter|data_from_fifo[0]" -section_id auto_signaltap_0
set_instance_assignment -name CONNECT_TO_SLD_NODE_ENTITY_PORT acq_data_in[142] -to "fifo_ftdi_adapter:ff_adapter|data_from_fifo[10]" -section_id auto_signaltap_0
set_instance_assignment -name CONNECT_TO_SLD_NODE_ENTITY_PORT acq_data_in[143] -to "fifo_ftdi_adapter:ff_adapter|data_from_fifo[11]" -section_id auto_signaltap_0
set_instance_assignment -name CONNECT_TO_SLD_NODE_ENTITY_PORT acq_data_in[144] -to "fifo_ftdi_adapter:ff_adapter|data_from_fifo[12]" -section_id auto_signaltap_0
set_instance_assignment -name CONNECT_TO_SLD_NODE_ENTITY_PORT acq_data_in[145] -to "fifo_ftdi_adapter:ff_adapter|data_from_fifo[13]" -section_id auto_signaltap_0
set_instance_assignment -name CONNECT_TO_SLD_NODE_ENTITY_PORT acq_data_in[146] -to "fifo_ftdi_adapter:ff_adapter|data_from_fifo[14]" -section_id auto_signaltap_0
set_instance_assignment -name CONNECT_TO_SLD_NODE_ENTITY_PORT acq_data_in[147] -to "fifo_ftdi_adapter:ff_adapter|data_from_fifo[15]" -section_id auto_signaltap_0
set_instance_assignment -name CONNECT_TO_SLD_NODE_ENTITY_PORT acq_data_in[148] -to "fifo_ftdi_adapter:ff_adapter|data_from_fifo[1]" -section_id auto_signaltap_0
set_instance_assignment -name CONNECT_TO_SLD_NODE_ENTITY_PORT acq_data_in[149] -to "fifo_ftdi_adapter:ff_adapter|data_from_fifo[2]" -section_id auto_signaltap_0
set_instance_assignment -name CONNECT_TO_SLD_NODE_ENTITY_PORT acq_data_in[150] -to "fifo_ftdi_adapter:ff_adapter|data_from_fifo[3]" -section_id auto_signaltap_0
set_instance_assignment -name CONNECT_TO_SLD_NODE_ENTITY_PORT acq_data_in[151] -to "fifo_ftdi_adapter:ff_adapter|data_from_fifo[4]" -section_id auto_signaltap_0
set_instance_assignment -name CONNECT_TO_SLD_NODE_ENTITY_PORT acq_data_in[152] -to "fifo_ftdi_adapter:ff_adapter|data_from_fifo[5]" -section_id auto_signaltap_0
set_instance_assignment -name CONNECT_TO_SLD_NODE_ENTITY_PORT acq_data_in[153] -to "fifo_ftdi_adapter:ff_adapter|data_from_fifo[6]" -section_id auto_signaltap_0
set_instance_assignment -name CONNECT_TO_SLD_NODE_ENTITY_PORT acq_data_in[154] -to "fifo_ftdi_adapter:ff_adapter|data_from_fifo[7]" -section_id auto_signaltap_0
set_instance_assignment -name CONNECT_TO_SLD_NODE_ENTITY_PORT acq_data_in[155] -to "fifo_ftdi_adapter:ff_adapter|data_from_fifo[8]" -section_id auto_signaltap_0
set_instance_assignment -name CONNECT_TO_SLD_NODE_ENTITY_PORT acq_data_in[156] -to "fifo_ftdi_adapter:ff_adapter|data_from_fifo[9]" -section_id auto_signaltap_0
set_instance_assignment -name CONNECT_TO_SLD_NODE_ENTITY_PORT acq_data_in[157] -to "fifo_ftdi_adapter:ff_adapter|data_to_ftdi[0]" -section_id auto_signaltap_0
set_instance_assignment -name CONNECT_TO_SLD_NODE_ENTITY_PORT acq_data_in[158] -to "fifo_ftdi_adapter:ff_adapter|data_to_ftdi[1]" -section_id auto_signaltap_0
set_instance_assignment -name CONNECT_TO_SLD_NODE_ENTITY_PORT acq_data_in[159] -to "fifo_ftdi_adapter:ff_adapter|data_to_ftdi[2]" -section_id auto_signaltap_0
set_instance_assignment -name CONNECT_TO_SLD_NODE_ENTITY_PORT acq_data_in[160] -to "fifo_ftdi_adapter:ff_adapter|data_to_ftdi[3]" -section_id auto_signaltap_0
set_instance_assignment -name CONNECT_TO_SLD_NODE_ENTITY_PORT acq_data_in[161] -to "fifo_ftdi_adapter:ff_adapter|data_to_ftdi[4]" -section_id auto_signaltap_0
set_instance_assignment -name CONNECT_TO_SLD_NODE_ENTITY_PORT acq_data_in[162] -to "fifo_ftdi_adapter:ff_adapter|data_to_ftdi[5]" -section_id auto_signaltap_0
set_instance_assignment -name CONNECT_TO_SLD_NODE_ENTITY_PORT acq_data_in[163] -to "fifo_ftdi_adapter:ff_adapter|data_to_ftdi[6]" -section_id auto_signaltap_0
set_instance_assignment -name CONNECT_TO_SLD_NODE_ENTITY_PORT acq_data_in[164] -to "fifo_ftdi_adapter:ff_adapter|data_to_ftdi[7]" -section_id auto_signaltap_0
set_instance_assignment -name CONNECT_TO_SLD_NODE_ENTITY_PORT acq_trigger_in[165] -to "fifo_ftdi_adapter:ff_adapter|data_to_ftdi_asserted" -section_id auto_signaltap_0
set_instance_assignment -name CONNECT_TO_SLD_NODE_ENTITY_PORT acq_trigger_in[166] -to "fifo_ftdi_adapter:ff_adapter|rdreq" -section_id auto_signaltap_0
set_instance_assignment -name CONNECT_TO_SLD_NODE_ENTITY_PORT acq_trigger_in[167] -to "fifo_ftdi_adapter:ff_adapter|usedw[0]" -section_id auto_signaltap_0
set_instance_assignment -name CONNECT_TO_SLD_NODE_ENTITY_PORT acq_trigger_in[168] -to "fifo_ftdi_adapter:ff_adapter|usedw[1]" -section_id auto_signaltap_0
set_instance_assignment -name CONNECT_TO_SLD_NODE_ENTITY_PORT acq_trigger_in[169] -to "fifo_ftdi_adapter:ff_adapter|usedw[2]" -section_id auto_signaltap_0
set_instance_assignment -name CONNECT_TO_SLD_NODE_ENTITY_PORT acq_trigger_in[170] -to "fifo_ftdi_adapter:ff_adapter|usedw[3]" -section_id auto_signaltap_0
set_instance_assignment -name CONNECT_TO_SLD_NODE_ENTITY_PORT acq_trigger_in[171] -to "fifo_ftdi_adapter:ff_adapter|usedw[4]" -section_id auto_signaltap_0
set_instance_assignment -name CONNECT_TO_SLD_NODE_ENTITY_PORT acq_trigger_in[172] -to "fifo_ftdi_adapter:ff_adapter|usedw[5]" -section_id auto_signaltap_0
set_instance_assignment -name CONNECT_TO_SLD_NODE_ENTITY_PORT acq_trigger_in[173] -to "fifo_ftdi_adapter:ff_adapter|usedw[6]" -section_id auto_signaltap_0
set_instance_assignment -name CONNECT_TO_SLD_NODE_ENTITY_PORT acq_trigger_in[174] -to "fifo_ftdi_adapter:ff_adapter|usedw[7]" -section_id auto_signaltap_0
set_instance_assignment -name CONNECT_TO_SLD_NODE_ENTITY_PORT acq_trigger_in[175] -to "fifo_ftdi_adapter:ff_adapter|usedw[8]" -section_id auto_signaltap_0
set_instance_assignment -name CONNECT_TO_SLD_NODE_ENTITY_PORT acq_trigger_in[176] -to "fifo_ftdi_adapter:ff_adapter|usedw[9]" -section_id auto_signaltap_0
set_instance_assignment -name CONNECT_TO_SLD_NODE_ENTITY_PORT acq_trigger_in[177] -to "fifo_rd_controller:fifo_rd_c|rdreq" -section_id auto_signaltap_0
set_instance_assignment -name CONNECT_TO_SLD_NODE_ENTITY_PORT acq_trigger_in[178] -to "fifo_rd_controller:fifo_rd_c|sdram_rx_rdy" -section_id auto_signaltap_0
set_instance_assignment -name CONNECT_TO_SLD_NODE_ENTITY_PORT acq_trigger_in[179] -to "pll:_pll|c1" -section_id auto_signaltap_0
set_instance_assignment -name POST_FIT_CONNECT_TO_SLD_NODE_ENTITY_PORT acq_trigger_in[180] -to "SDRAM_controller:sdram_c|RESET_REFRESH_COUNTER" -section_id auto_signaltap_0
set_instance_assignment -name CONNECT_TO_SLD_NODE_ENTITY_PORT acq_data_in[165] -to "fifo_ftdi_adapter:ff_adapter|data_to_ftdi_asserted" -section_id auto_signaltap_0
set_instance_assignment -name CONNECT_TO_SLD_NODE_ENTITY_PORT acq_data_in[166] -to "fifo_ftdi_adapter:ff_adapter|rdreq" -section_id auto_signaltap_0
set_instance_assignment -name CONNECT_TO_SLD_NODE_ENTITY_PORT acq_data_in[167] -to "fifo_ftdi_adapter:ff_adapter|usedw[0]" -section_id auto_signaltap_0
set_instance_assignment -name CONNECT_TO_SLD_NODE_ENTITY_PORT acq_data_in[168] -to "fifo_ftdi_adapter:ff_adapter|usedw[1]" -section_id auto_signaltap_0
set_instance_assignment -name CONNECT_TO_SLD_NODE_ENTITY_PORT acq_data_in[169] -to "fifo_ftdi_adapter:ff_adapter|usedw[2]" -section_id auto_signaltap_0
set_instance_assignment -name CONNECT_TO_SLD_NODE_ENTITY_PORT acq_data_in[170] -to "fifo_ftdi_adapter:ff_adapter|usedw[3]" -section_id auto_signaltap_0
set_instance_assignment -name CONNECT_TO_SLD_NODE_ENTITY_PORT acq_data_in[171] -to "fifo_ftdi_adapter:ff_adapter|usedw[4]" -section_id auto_signaltap_0
set_instance_assignment -name CONNECT_TO_SLD_NODE_ENTITY_PORT acq_data_in[172] -to "fifo_ftdi_adapter:ff_adapter|usedw[5]" -section_id auto_signaltap_0
set_instance_assignment -name CONNECT_TO_SLD_NODE_ENTITY_PORT acq_data_in[173] -to "fifo_ftdi_adapter:ff_adapter|usedw[6]" -section_id auto_signaltap_0
set_instance_assignment -name CONNECT_TO_SLD_NODE_ENTITY_PORT acq_data_in[174] -to "fifo_ftdi_adapter:ff_adapter|usedw[7]" -section_id auto_signaltap_0
set_instance_assignment -name CONNECT_TO_SLD_NODE_ENTITY_PORT acq_data_in[175] -to "fifo_ftdi_adapter:ff_adapter|usedw[8]" -section_id auto_signaltap_0
set_instance_assignment -name CONNECT_TO_SLD_NODE_ENTITY_PORT acq_data_in[176] -to "fifo_ftdi_adapter:ff_adapter|usedw[9]" -section_id auto_signaltap_0
set_instance_assignment -name CONNECT_TO_SLD_NODE_ENTITY_PORT acq_data_in[177] -to "fifo_rd_controller:fifo_rd_c|rdreq" -section_id auto_signaltap_0
set_instance_assignment -name CONNECT_TO_SLD_NODE_ENTITY_PORT acq_data_in[178] -to "fifo_rd_controller:fifo_rd_c|sdram_rx_rdy" -section_id auto_signaltap_0
set_instance_assignment -name CONNECT_TO_SLD_NODE_ENTITY_PORT acq_data_in[179] -to "pll:_pll|c1" -section_id auto_signaltap_0
set_instance_assignment -name POST_FIT_CONNECT_TO_SLD_NODE_ENTITY_PORT acq_data_in[180] -to "SDRAM_controller:sdram_c|RESET_REFRESH_COUNTER" -section_id auto_signaltap_0
set_global_assignment -name SLD_NODE_PARAMETER_ASSIGNMENT "SLD_DATA_BITS=181" -section_id auto_signaltap_0
set_global_assignment -name SLD_NODE_PARAMETER_ASSIGNMENT "SLD_TRIGGER_BITS=181" -section_id auto_signaltap_0
set_global_assignment -name SLD_NODE_PARAMETER_ASSIGNMENT "SLD_INVERSION_MASK=0000000000000000000000000000000000000000000000000000000000000000000000000000000000000000000000000000000000000000000000000000000000000000000000000000000000000000000000000000000000000000000000000000000000000000000000000000000000000000000000000000000000000000000000000000000000000000000000000000000000000000000000000000000000000000000000000000000000000000000000000000000000000000000000000000000000000000000000000000000000000000000000000000000000000000000000000000000000000000000000000000000000000000000000000000000000000000000000000000000000000000000000000000000000000000" -section_id auto_signaltap_0
set_global_assignment -name SLD_NODE_PARAMETER_ASSIGNMENT "SLD_INVERSION_MASK_LENGTH=568" -section_id auto_signaltap_0
set_global_assignment -name SLD_NODE_PARAMETER_ASSIGNMENT "SLD_NODE_CRC_LOWORD=54648" -section_id auto_signaltap_0
set_global_assignment -name SLD_NODE_PARAMETER_ASSIGNMENT "SLD_NODE_CRC_HIWORD=56761" -section_id auto_signaltap_0
set_global_assignment -name SLD_FILE db/gen&adapter_auto_stripped.stp
set_instance_assignment -name PARTITION_HIERARCHY root_partition -to | -section_id Top